
Microsoft Visual Studio Solution File, Format Version 12.00
# Visual Studio Version 17
VisualStudioVersion = 17.3.32811.315
MinimumVisualStudioVersion = 10.0.40219.1
Project("{FAE04EC0-301F-11D3-BF4B-00C04F79EFBC}") = "COMP3000-Project-Backend-API", "COMP3000-Project-Backend-API\COMP3000-Project-Backend-API.csproj", "{4544E1EE-80D4-4F6A-915F-822958A59F0B}"
EndProject
Project("{FAE04EC0-301F-11D3-BF4B-00C04F79EFBC}") = "COMP3000-Project-Backend-API.Tests", "COMP3000-Project-Backend-API.Tests\COMP3000-Project-Backend-API.Tests.csproj", "{E79C0EA5-6AE7-4391-B094-E55AC5799C04}"
EndProject
Global
	GlobalSection(SolutionProperties) = preSolution
		HideSolutionNode = FALSE
	EndGlobalSection
	GlobalSection(ExtensibilityGlobals) = postSolution
		SolutionGuid = {A478782D-3330-494B-8EBA-715055FB678F}
	EndGlobalSection
	GlobalSection(SolutionConfigurationPlatforms) = preSolution
		Debug|Any CPU = Debug|Any CPU
		Debug|x64 = Debug|x64
		Debug|x86 = Debug|x86
		Release|Any CPU = Release|Any CPU
		Release|x64 = Release|x64
		Release|x86 = Release|x86
	EndGlobalSection
	GlobalSection(ProjectConfigurationPlatforms) = postSolution
		{4544E1EE-80D4-4F6A-915F-822958A59F0B}.Debug|Any CPU.ActiveCfg = Debug|Any CPU
		{4544E1EE-80D4-4F6A-915F-822958A59F0B}.Debug|Any CPU.Build.0 = Debug|Any CPU
		{4544E1EE-80D4-4F6A-915F-822958A59F0B}.Debug|x64.ActiveCfg = Debug|Any CPU
		{4544E1EE-80D4-4F6A-915F-822958A59F0B}.Debug|x64.Build.0 = Debug|Any CPU
		{4544E1EE-80D4-4F6A-915F-822958A59F0B}.Debug|x86.ActiveCfg = Debug|Any CPU
		{4544E1EE-80D4-4F6A-915F-822958A59F0B}.Debug|x86.Build.0 = Debug|Any CPU
		{4544E1EE-80D4-4F6A-915F-822958A59F0B}.Release|Any CPU.ActiveCfg = Release|Any CPU
		{4544E1EE-80D4-4F6A-915F-822958A59F0B}.Release|Any CPU.Build.0 = Release|Any CPU
		{4544E1EE-80D4-4F6A-915F-822958A59F0B}.Release|x64.ActiveCfg = Release|Any CPU
		{4544E1EE-80D4-4F6A-915F-822958A59F0B}.Release|x64.Build.0 = Release|Any CPU
		{4544E1EE-80D4-4F6A-915F-822958A59F0B}.Release|x86.ActiveCfg = Release|Any CPU
		{4544E1EE-80D4-4F6A-915F-822958A59F0B}.Release|x86.Build.0 = Release|Any CPU
		{E79C0EA5-6AE7-4391-B094-E55AC5799C04}.Debug|Any CPU.ActiveCfg = Debug|Any CPU
		{E79C0EA5-6AE7-4391-B094-E55AC5799C04}.Debug|Any CPU.Build.0 = Debug|Any CPU
		{E79C0EA5-6AE7-4391-B094-E55AC5799C04}.Debug|x64.ActiveCfg = Debug|Any CPU
		{E79C0EA5-6AE7-4391-B094-E55AC5799C04}.Debug|x64.Build.0 = Debug|Any CPU
		{E79C0EA5-6AE7-4391-B094-E55AC5799C04}.Debug|x86.ActiveCfg = Debug|Any CPU
		{E79C0EA5-6AE7-4391-B094-E55AC5799C04}.Debug|x86.Build.0 = Debug|Any CPU
		{E79C0EA5-6AE7-4391-B094-E55AC5799C04}.Release|Any CPU.ActiveCfg = Release|Any CPU
		{E79C0EA5-6AE7-4391-B094-E55AC5799C04}.Release|Any CPU.Build.0 = Release|Any CPU
		{E79C0EA5-6AE7-4391-B094-E55AC5799C04}.Release|x64.ActiveCfg = Release|Any CPU
		{E79C0EA5-6AE7-4391-B094-E55AC5799C04}.Release|x64.Build.0 = Release|Any CPU
		{E79C0EA5-6AE7-4391-B094-E55AC5799C04}.Release|x86.ActiveCfg = Release|Any CPU
		{E79C0EA5-6AE7-4391-B094-E55AC5799C04}.Release|x86.Build.0 = Release|Any CPU
	EndGlobalSection
EndGlobal
